
Microsoft Visual Studio Solution File, Format Version 12.00
# Visual Studio Version 17
VisualStudioVersion = 17.7.34221.43
MinimumVisualStudioVersion = 10.0.40219.1
Project("{FAE04EC0-301F-11D3-BF4B-00C04F79EFBC}") = "ConsoleAppUnaDesk", "ConsoleAppUnaDesk\ConsoleAppUnaDesk.csproj", "{ED652E1E-B464-48BC-918C-916FE6AAC71B}"
EndProject
Project("{FAE04EC0-301F-11D3-BF4B-00C04F79EFBC}") = "UnaDeskTests", "UnaDeskTests\UnaDeskTests.csproj", "{28F375CE-B93C-42A5-AF8C-4ACC80E0A3FA}"
EndProject
Project("{FAE04EC0-301F-11D3-BF4B-00C04F79EFBC}") = "UnaDesk.GeometryLibrary", "UnaDesk.GeometryLibrary\UnaDesk.GeometryLibrary.csproj", "{B6FF8D7A-1412-452C-BDC7-4E6A96E2FF02}"
EndProject
Global
	GlobalSection(SolutionConfigurationPlatforms) = preSolution
		Debug|Any CPU = Debug|Any CPU
		Release|Any CPU = Release|Any CPU
	EndGlobalSection
	GlobalSection(ProjectConfigurationPlatforms) = postSolution
		{ED652E1E-B464-48BC-918C-916FE6AAC71B}.Debug|Any CPU.ActiveCfg = Debug|Any CPU
		{ED652E1E-B464-48BC-918C-916FE6AAC71B}.Debug|Any CPU.Build.0 = Debug|Any CPU
		{ED652E1E-B464-48BC-918C-916FE6AAC71B}.Release|Any CPU.ActiveCfg = Release|Any CPU
		{ED652E1E-B464-48BC-918C-916FE6AAC71B}.Release|Any CPU.Build.0 = Release|Any CPU
		{28F375CE-B93C-42A5-AF8C-4ACC80E0A3FA}.Debug|Any CPU.ActiveCfg = Debug|Any CPU
		{28F375CE-B93C-42A5-AF8C-4ACC80E0A3FA}.Debug|Any CPU.Build.0 = Debug|Any CPU
		{28F375CE-B93C-42A5-AF8C-4ACC80E0A3FA}.Release|Any CPU.ActiveCfg = Release|Any CPU
		{28F375CE-B93C-42A5-AF8C-4ACC80E0A3FA}.Release|Any CPU.Build.0 = Release|Any CPU
		{B6FF8D7A-1412-452C-BDC7-4E6A96E2FF02}.Debug|Any CPU.ActiveCfg = Debug|Any CPU
		{B6FF8D7A-1412-452C-BDC7-4E6A96E2FF02}.Debug|Any CPU.Build.0 = Debug|Any CPU
		{B6FF8D7A-1412-452C-BDC7-4E6A96E2FF02}.Release|Any CPU.ActiveCfg = Release|Any CPU
		{B6FF8D7A-1412-452C-BDC7-4E6A96E2FF02}.Release|Any CPU.Build.0 = Release|Any CPU
	EndGlobalSection
	GlobalSection(SolutionProperties) = preSolution
		HideSolutionNode = FALSE
	EndGlobalSection
	GlobalSection(ExtensibilityGlobals) = postSolution
		SolutionGuid = {1E1BF6DE-7091-46CA-9C6B-79E54E580B8F}
	EndGlobalSection
EndGlobal
